// !$*UTF8*$!
{
	archiveVersion = 1;
	classes = {
	};
	objectVersion = 50;
	objects = {

/* Begin PBXBuildFile section */
		8BFAAA3D25087F9A00C3C5F3 /* AppDelegate.swift in Sources */ = {isa = PBXBuildFile; fileRef = 8BFAAA3C25087F9A00C3C5F3 /* AppDelegate.swift */; };
		8BFAAA3F25087F9A00C3C5F3 /* SceneDelegate.swift in Sources */ = {isa = PBXBuildFile; fileRef = 8BFAAA3E25087F9A00C3C5F3 /* SceneDelegate.swift */; };
		8BFAAA4225087F9A00C3C5F3 /* Bookworm.xcdatamodeld in Sources */ = {isa = PBXBuildFile; fileRef = 8BFAAA4025087F9A00C3C5F3 /* Bookworm.xcdatamodeld */; };
		8BFAAA4425087F9A00C3C5F3 /* ContentView.swift in Sources */ = {isa = PBXBuildFile; fileRef = 8BFAAA4325087F9A00C3C5F3 /* ContentView.swift */; };
		8BFAAA4625087F9D00C3C5F3 /* Assets.xcassets in Resources */ = {isa = PBXBuildFile; fileRef = 8BFAAA4525087F9D00C3C5F3 /* Assets.xcassets */; };
		8BFAAA4925087F9D00C3C5F3 /* Preview Assets.xcassets in Resources */ = {isa = PBXBuildFile; fileRef = 8BFAAA4825087F9D00C3C5F3 /* Preview Assets.xcassets */; };
		8BFAAA4C25087F9D00C3C5F3 /* LaunchScreen.storyboard in Resources */ = {isa = PBXBuildFile; fileRef = 8BFAAA4A25087F9D00C3C5F3 /* LaunchScreen.storyboard */; };
		8BFAAA5525087FDC00C3C5F3 /* UseBindingCreateCustomModule.swift in Sources */ = {isa = PBXBuildFile; fileRef = 8BFAAA5425087FDC00C3C5F3 /* UseBindingCreateCustomModule.swift */; };
		8BFAAA5925089C6E00C3C5F3 /* Section2.swift in Sources */ = {isa = PBXBuildFile; fileRef = 8BFAAA5825089C6E00C3C5F3 /* Section2.swift */; };
		8BFAAA5B2508AA3000C3C5F3 /* AddBookView.swift in Sources */ = {isa = PBXBuildFile; fileRef = 8BFAAA5A2508AA3000C3C5F3 /* AddBookView.swift */; };
		8BFAAA5D2508B18200C3C5F3 /* RatingView.swift in Sources */ = {isa = PBXBuildFile; fileRef = 8BFAAA5C2508B18200C3C5F3 /* RatingView.swift */; };
		8BFAAA5F2508B21C00C3C5F3 /* EmojiRatingView.swift in Sources */ = {isa = PBXBuildFile; fileRef = 8BFAAA5E2508B21C00C3C5F3 /* EmojiRatingView.swift */; };
		8BFAAA612508D86E00C3C5F3 /* DetailView.swift in Sources */ = {isa = PBXBuildFile; fileRef = 8BFAAA602508D86E00C3C5F3 /* DetailView.swift */; };
/* End PBXBuildFile section */

/* Begin PBXFileReference section */
		8BFAAA3925087F9A00C3C5F3 /* Bookworm.app */ = {isa = PBXFileReference; explicitFileType = wrapper.application; includeInIndex = 0; path = Bookworm.app; sourceTree = BUILT_PRODUCTS_DIR; };
		8BFAAA3C25087F9A00C3C5F3 /* AppDelegate.swift */ = {isa = PBXFileReference; lastKnownFileType = sourcecode.swift; path = AppDelegate.swift; sourceTree = "<group>"; };
		8BFAAA3E25087F9A00C3C5F3 /* SceneDelegate.swift */ = {isa = PBXFileReference; lastKnownFileType = sourcecode.swift; path = SceneDelegate.swift; sourceTree = "<group>"; };
		8BFAAA4125087F9A00C3C5F3 /* Bookworm.xcdatamodel */ = {isa = PBXFileReference; lastKnownFileType = wrapper.xcdatamodel; path = Bookworm.xcdatamodel; sourceTree = "<group>"; };
		8BFAAA4325087F9A00C3C5F3 /* ContentView.swift */ = {isa = PBXFileReference; lastKnownFileType = sourcecode.swift; path = ContentView.swift; sourceTree = "<group>"; };
		8BFAAA4525087F9D00C3C5F3 /* Assets.xcassets */ = {isa = PBXFileReference; lastKnownFileType = folder.assetcatalog; path = Assets.xcassets; sourceTree = "<group>"; };
		8BFAAA4825087F9D00C3C5F3 /* Preview Assets.xcassets */ = {isa = PBXFileReference; lastKnownFileType = folder.assetcatalog; path = "Preview Assets.xcassets"; sourceTree = "<group>"; };
		8BFAAA4B25087F9D00C3C5F3 /* Base */ = {isa = PBXFileReference; lastKnownFileType = file.storyboard; name = Base; path = Base.lproj/LaunchScreen.storyboard; sourceTree = "<group>"; };
		8BFAAA4D25087F9D00C3C5F3 /* Info.plist */ = {isa = PBXFileReference; lastKnownFileType = text.plist.xml; path = Info.plist; sourceTree = "<group>"; };
		8BFAAA5425087FDC00C3C5F3 /* UseBindingCreateCustomModule.swift */ = {isa = PBXFileReference; lastKnownFileType = sourcecode.swift; path = UseBindingCreateCustomModule.swift; sourceTree = "<group>"; };
		8BFAAA5825089C6E00C3C5F3 /* Section2.swift */ = {isa = PBXFileReference; lastKnownFileType = sourcecode.swift; path = Section2.swift; sourceTree = "<group>"; };
		8BFAAA5A2508AA3000C3C5F3 /* AddBookView.swift */ = {isa = PBXFileReference; lastKnownFileType = sourcecode.swift; path = AddBookView.swift; sourceTree = "<group>"; };
		8BFAAA5C2508B18200C3C5F3 /* RatingView.swift */ = {isa = PBXFileReference; lastKnownFileType = sourcecode.swift; path = RatingView.swift; sourceTree = "<group>"; };
		8BFAAA5E2508B21C00C3C5F3 /* EmojiRatingView.swift */ = {isa = PBXFileReference; lastKnownFileType = sourcecode.swift; path = EmojiRatingView.swift; sourceTree = "<group>"; };
		8BFAAA602508D86E00C3C5F3 /* DetailView.swift */ = {isa = PBXFileReference; lastKnownFileType = sourcecode.swift; path = DetailView.swift; sourceTree = "<group>"; };
/* End PBXFileReference section */

/* Begin PBXFrameworksBuildPhase section */
		8BFAAA3625087F9A00C3C5F3 /* Frameworks */ = {
			isa = PBXFrameworksBuildPhase;
			buildActionMask = 2147483647;
			files = (
			);
			runOnlyForDeploymentPostprocessing = 0;
		};
/* End PBXFrameworksBuildPhase section */

/* Begin PBXGroup section */
		8BFAAA3025087F9A00C3C5F3 = {
			isa = PBXGroup;
			children = (
				8BFAAA3B25087F9A00C3C5F3 /* Bookworm */,
				8BFAAA3A25087F9A00C3C5F3 /* Products */,
			);
			sourceTree = "<group>";
		};
		8BFAAA3A25087F9A00C3C5F3 /* Products */ = {
			isa = PBXGroup;
			children = (
				8BFAAA3925087F9A00C3C5F3 /* Bookworm.app */,
			);
			name = Products;
			sourceTree = "<group>";
		};
		8BFAAA3B25087F9A00C3C5F3 /* Bookworm */ = {
			isa = PBXGroup;
			children = (
				8BFAAA3C25087F9A00C3C5F3 /* AppDelegate.swift */,
				8BFAAA3E25087F9A00C3C5F3 /* SceneDelegate.swift */,
				8BFAAA4325087F9A00C3C5F3 /* ContentView.swift */,
				8BFAAA5A2508AA3000C3C5F3 /* AddBookView.swift */,
				8BFAAA5C2508B18200C3C5F3 /* RatingView.swift */,
				8BFAAA5E2508B21C00C3C5F3 /* EmojiRatingView.swift */,
				8BFAAA602508D86E00C3C5F3 /* DetailView.swift */,
				8BFAAA5325087FB300C3C5F3 /* Day one */,
				8BFAAA4525087F9D00C3C5F3 /* Assets.xcassets */,
				8BFAAA4A25087F9D00C3C5F3 /* LaunchScreen.storyboard */,
				8BFAAA4D25087F9D00C3C5F3 /* Info.plist */,
				8BFAAA4025087F9A00C3C5F3 /* Bookworm.xcdatamodeld */,
				8BFAAA4725087F9D00C3C5F3 /* Preview Content */,
			);
			path = Bookworm;
			sourceTree = "<group>";
		};
		8BFAAA4725087F9D00C3C5F3 /* Preview Content */ = {
			isa = PBXGroup;
			children = (
				8BFAAA4825087F9D00C3C5F3 /* Preview Assets.xcassets */,
			);
			path = "Preview Content";
			sourceTree = "<group>";
		};
		8BFAAA5325087FB300C3C5F3 /* Day one */ = {
			isa = PBXGroup;
			children = (
				8BFAAA5425087FDC00C3C5F3 /* UseBindingCreateCustomModule.swift */,
				8BFAAA5825089C6E00C3C5F3 /* Section2.swift */,
			);
			path = "Day one";
			sourceTree = "<group>";
		};
/* End PBXGroup section */

/* Begin PBXNativeTarget section */
		8BFAAA3825087F9A00C3C5F3 /* Bookworm */ = {
			isa = PBXNativeTarget;
			buildConfigurationList = 8BFAAA5025087F9D00C3C5F3 /* Build configuration list for PBXNativeTarget "Bookworm" */;
			buildPhases = (
				8BFAAA3525087F9A00C3C5F3 /* Sources */,
				8BFAAA3625087F9A00C3C5F3 /* Frameworks */,
				8BFAAA3725087F9A00C3C5F3 /* Resources */,
			);
			buildRules = (
			);
			dependencies = (
			);
			name = Bookworm;
			productName = Bookworm;
			productReference = 8BFAAA3925087F9A00C3C5F3 /* Bookworm.app */;
			productType = "com.apple.product-type.application";
		};
/* End PBXNativeTarget section */

/* Begin PBXProject section */
		8BFAAA3125087F9A00C3C5F3 /* Project object */ = {
			isa = PBXProject;
			attributes = {
				LastSwiftUpdateCheck = 1170;
				LastUpgradeCheck = 1170;
				ORGANIZATIONNAME = developer;
				TargetAttributes = {
					8BFAAA3825087F9A00C3C5F3 = {
						CreatedOnToolsVersion = 11.7;
					};
				};
			};
			buildConfigurationList = 8BFAAA3425087F9A00C3C5F3 /* Build configuration list for PBXProject "Bookworm" */;
			compatibilityVersion = "Xcode 9.3";
			developmentRegion = en;
			hasScannedForEncodings = 0;
			knownRegions = (
				en,
				Base,
			);
			mainGroup = 8BFAAA3025087F9A00C3C5F3;
			productRefGroup = 8BFAAA3A25087F9A00C3C5F3 /* Products */;
			projectDirPath = "";
			projectRoot = "";
			targets = (
				8BFAAA3825087F9A00C3C5F3 /* Bookworm */,
			);
		};
/* End PBXProject section */

/* Begin PBXResourcesBuildPhase section */
		8BFAAA3725087F9A00C3C5F3 /* Resources */ = {
			isa = PBXResourcesBuildPhase;
			buildActionMask = 2147483647;
			files = (
				8BFAAA4C25087F9D00C3C5F3 /* LaunchScreen.storyboard in Resources */,
				8BFAAA4925087F9D00C3C5F3 /* Preview Assets.xcassets in Resources */,
				8BFAAA4625087F9D00C3C5F3 /* Assets.xcassets in Resources */,
			);
			runOnlyForDeploymentPostprocessing = 0;
		};
/* End PBXResourcesBuildPhase section */

/* Begin PBXSourcesBuildPhase section */
		8BFAAA3525087F9A00C3C5F3 /* Sources */ = {
			isa = PBXSourcesBuildPhase;
			buildActionMask = 2147483647;
			files = (
				8BFAAA5B2508AA3000C3C5F3 /* AddBookView.swift in Sources */,
				8BFAAA5F2508B21C00C3C5F3 /* EmojiRatingView.swift in Sources */,
				8BFAAA5525087FDC00C3C5F3 /* UseBindingCreateCustomModule.swift in Sources */,
				8BFAAA612508D86E00C3C5F3 /* DetailView.swift in Sources */,
				8BFAAA3D25087F9A00C3C5F3 /* AppDelegate.swift in Sources */,
				8BFAAA5D2508B18200C3C5F3 /* RatingView.swift in Sources */,
				8BFAAA4225087F9A00C3C5F3 /* Bookworm.xcdatamodeld in Sources */,
				8BFAAA4425087F9A00C3C5F3 /* ContentView.swift in Sources */,
				8BFAAA5925089C6E00C3C5F3 /* Section2.swift in Sources */,
				8BFAAA3F25087F9A00C3C5F3 /* SceneDelegate.swift in Sources */,
			);
			runOnlyForDeploymentPostprocessing = 0;
		};
/* End PBXSourcesBuildPhase section */

/* Begin PBXVariantGroup section */
		8BFAAA4A25087F9D00C3C5F3 /* LaunchScreen.storyboard */ = {
			isa = PBXVariantGroup;
			children = (
				8BFAAA4B25087F9D00C3C5F3 /* Base */,
			);
			name = LaunchScreen.storyboard;
			sourceTree = "<group>";
		};
/* End PBXVariantGroup section */

/* Begin XCBuildConfiguration section */
		8BFAAA4E25087F9D00C3C5F3 /* Debug */ = {
			isa = XCBuildConfiguration;
			buildSettings = {
				ALWAYS_SEARCH_USER_PATHS = NO;
				CLANG_ANALYZER_NONNULL = YES;
				CLANG_ANALYZER_NUMBER_OBJECT_CONVERSION = YES_AGGRESSIVE;
				CLANG_CXX_LANGUAGE_STANDARD = "gnu++14";
				CLANG_CXX_LIBRARY = "libc++";
				CLANG_ENABLE_MODULES = YES;
				CLANG_ENABLE_OBJC_ARC = YES;
				CLANG_ENABLE_OBJC_WEAK = YES;
				CLANG_WARN_BLOCK_CAPTURE_AUTORELEASING = YES;
				CLANG_WARN_BOOL_CONVERSION = YES;
				CLANG_WARN_COMMA = YES;
				CLANG_WARN_CONSTANT_CONVERSION = YES;
				CLANG_WARN_DEPRECATED_OBJC_IMPLEMENTATIONS = YES;
				CLANG_WARN_DIRECT_OBJC_ISA_USAGE = YES_ERROR;
				CLANG_WARN_DOCUMENTATION_COMMENTS = YES;
				CLANG_WARN_EMPTY_BODY = YES;
				CLANG_WARN_ENUM_CONVERSION = YES;
				CLANG_WARN_INFINITE_RECURSION = YES;
				CLANG_WARN_INT_CONVERSION = YES;
				CLANG_WARN_NON_LITERAL_NULL_CONVERSION = YES;
				CLANG_WARN_OBJC_IMPLICIT_RETAIN_SELF = YES;
				CLANG_WARN_OBJC_LITERAL_CONVERSION = YES;
				CLANG_WARN_OBJC_ROOT_CLASS = YES_ERROR;
				CLANG_WARN_RANGE_LOOP_ANALYSIS = YES;
				CLANG_WARN_STRICT_PROTOTYPES = YES;
				CLANG_WARN_SUSPICIOUS_MOVE = YES;
				CLANG_WARN_UNGUARDED_AVAILABILITY = YES_AGGRESSIVE;
				CLANG_WARN_UNREACHABLE_CODE = YES;
				CLANG_WARN__DUPLICATE_METHOD_MATCH = YES;
				COPY_PHASE_STRIP = NO;
				DEBUG_INFORMATION_FORMAT = dwarf;
				ENABLE_STRICT_OBJC_MSGSEND = YES;
				ENABLE_TESTABILITY = YES;
				GCC_C_LANGUAGE_STANDARD = gnu11;
				GCC_DYNAMIC_NO_PIC = NO;
				GCC_NO_COMMON_BLOCKS = YES;
				GCC_OPTIMIZATION_LEVEL = 0;
				GCC_PREPROCESSOR_DEFINITIONS = (
					"DEBUG=1",
					"$(inherited)",
				);
				GCC_WARN_64_TO_32_BIT_CONVERSION = YES;
				GCC_WARN_ABOUT_RETURN_TYPE = YES_ERROR;
				GCC_WARN_UNDECLARED_SELECTOR = YES;
				GCC_WARN_UNINITIALIZED_AUTOS = YES_AGGRESSIVE;
				GCC_WARN_UNUSED_FUNCTION = YES;
				GCC_WARN_UNUSED_VARIABLE = YES;
				IPHONEOS_DEPLOYMENT_TARGET = 13.7;
				MTL_ENABLE_DEBUG_INFO = INCLUDE_SOURCE;
				MTL_FAST_MATH = YES;
				ONLY_ACTIVE_ARCH = YES;
				SDKROOT = iphoneos;
				SWIFT_ACTIVE_COMPILATION_CONDITIONS = DEBUG;
				SWIFT_OPTIMIZATION_LEVEL = "-Onone";
			};
			name = Debug;
		};
		8BFAAA4F25087F9D00C3C5F3 /* Release */ = {
			isa = XCBuildConfiguration;
			buildSettings = {
				ALWAYS_SEARCH_USER_PATHS = NO;
				CLANG_ANALYZER_NONNULL = YES;
				CLANG_ANALYZER_NUMBER_OBJECT_CONVERSION = YES_AGGRESSIVE;
				CLANG_CXX_LANGUAGE_STANDARD = "gnu++14";
				CLANG_CXX_LIBRARY = "libc++";
				CLANG_ENABLE_MODULES = YES;
				CLANG_ENABLE_OBJC_ARC = YES;
				CLANG_ENABLE_OBJC_WEAK = YES;
				CLANG_WARN_BLOCK_CAPTURE_AUTORELEASING = YES;
				CLANG_WARN_BOOL_CONVERSION = YES;
				CLANG_WARN_COMMA = YES;
				CLANG_WARN_CONSTANT_CONVERSION = YES;
				CLANG_WARN_DEPRECATED_OBJC_IMPLEMENTATIONS = YES;
				CLANG_WARN_DIRECT_OBJC_ISA_USAGE = YES_ERROR;
				CLANG_WARN_DOCUMENTATION_COMMENTS = YES;
				CLANG_WARN_EMPTY_BODY = YES;
				CLANG_WARN_ENUM_CONVERSION = YES;
				CLANG_WARN_INFINITE_RECURSION = YES;
				CLANG_WARN_INT_CONVERSION = YES;
				CLANG_WARN_NON_LITERAL_NULL_CONVERSION = YES;
				CLANG_WARN_OBJC_IMPLICIT_RETAIN_SELF = YES;
				CLANG_WARN_OBJC_LITERAL_CONVERSION = YES;
				CLANG_WARN_OBJC_ROOT_CLASS = YES_ERROR;
				CLANG_WARN_RANGE_LOOP_ANALYSIS = YES;
				CLANG_WARN_STRICT_PROTOTYPES = YES;
				CLANG_WARN_SUSPICIOUS_MOVE = YES;
				CLANG_WARN_UNGUARDED_AVAILABILITY = YES_AGGRESSIVE;
				CLANG_WARN_UNREACHABLE_CODE = YES;
				CLANG_WARN__DUPLICATE_METHOD_MATCH = YES;
				COPY_PHASE_STRIP = NO;
				DEBUG_INFORMATION_FORMAT = "dwarf-with-dsym";
				ENABLE_NS_ASSERTIONS = NO;
				ENABLE_STRICT_OBJC_MSGSEND = YES;
				GCC_C_LANGUAGE_STANDARD = gnu11;
				GCC_NO_COMMON_BLOCKS = YES;
				GCC_WARN_64_TO_32_BIT_CONVERSION = YES;
				GCC_WARN_ABOUT_RETURN_TYPE = YES_ERROR;
				GCC_WARN_UNDECLARED_SELECTOR = YES;
				GCC_WARN_UNINITIALIZED_AUTOS = YES_AGGRESSIVE;
				GCC_WARN_UNUSED_FUNCTION = YES;
				GCC_WARN_UNUSED_VARIABLE = YES;
				IPHONEOS_DEPLOYMENT_TARGET = 13.7;
				MTL_ENABLE_DEBUG_INFO = NO;
				MTL_FAST_MATH = YES;
				SDKROOT = iphoneos;
				SWIFT_COMPILATION_MODE = wholemodule;
				SWIFT_OPTIMIZATION_LEVEL = "-O";
				VALIDATE_PRODUCT = YES;
			};
			name = Release;
		};
		8BFAAA5125087F9D00C3C5F3 /* Debug */ = {
			isa = XCBuildConfiguration;
			buildSettings = {
				ASSETCATALOG_COMPILER_APPICON_NAME = AppIcon;
				CODE_SIGN_STYLE = Automatic;
				DEVELOPMENT_ASSET_PATHS = "\"Bookworm/Preview Content\"";
				DEVELOPMENT_TEAM = 59CT6J5PF6;
				ENABLE_PREVIEWS = YES;
				INFOPLIST_FILE = Bookworm/Info.plist;
				LD_RUNPATH_SEARCH_PATHS = (
					"$(inherited)",
					"@executable_path/Frameworks",
				);
				PRODUCT_BUNDLE_IDENTIFIER = com.zhangyu.Bookworm;
				PRODUCT_NAME = "$(TARGET_NAME)";
				SWIFT_VERSION = 5.0;
				TARGETED_DEVICE_FAMILY = "1,2";
			};
			name = Debug;
		};
		8BFAAA5225087F9D00C3C5F3 /* Release */ = {
			isa = XCBuildConfiguration;
			buildSettings = {
				ASSETCATALOG_COMPILER_APPICON_NAME = AppIcon;
				CODE_SIGN_STYLE = Automatic;
				DEVELOPMENT_ASSET_PATHS = "\"Bookworm/Preview Content\"";
				DEVELOPMENT_TEAM = 59CT6J5PF6;
				ENABLE_PREVIEWS = YES;
				INFOPLIST_FILE = Bookworm/Info.plist;
				LD_RUNPATH_SEARCH_PATHS = (
					"$(inherited)",
					"@executable_path/Frameworks",
				);
				PRODUCT_BUNDLE_IDENTIFIER = com.zhangyu.Bookworm;
				PRODUCT_NAME = "$(TARGET_NAME)";
				SWIFT_VERSION = 5.0;
				TARGETED_DEVICE_FAMILY = "1,2";
			};
			name = Release;
		};
/* End XCBuildConfiguration section */

/* Begin XCConfigurationList section */
		8BFAAA3425087F9A00C3C5F3 /* Build configuration list for PBXProject "Bookworm" */ = {
			isa = XCConfigurationList;
			buildConfigurations = (
				8BFAAA4E25087F9D00C3C5F3 /* Debug */,
				8BFAAA4F25087F9D00C3C5F3 /* Release */,
			);
			defaultConfigurationIsVisible = 0;
			defaultConfigurationName = Release;
		};
		8BFAAA5025087F9D00C3C5F3 /* Build configuration list for PBXNativeTarget "Bookworm" */ = {
			isa = XCConfigurationList;
			buildConfigurations = (
				8BFAAA5125087F9D00C3C5F3 /* Debug */,
				8BFAAA5225087F9D00C3C5F3 /* Release */,
			);
			defaultConfigurationIsVisible = 0;
			defaultConfigurationName = Release;
		};
/* End XCConfigurationList section */

/* Begin XCVersionGroup section */
		8BFAAA4025087F9A00C3C5F3 /* Bookworm.xcdatamodeld */ = {
			isa = XCVersionGroup;
			children = (
				8BFAAA4125087F9A00C3C5F3 /* Bookworm.xcdatamodel */,
			);
			currentVersion = 8BFAAA4125087F9A00C3C5F3 /* Bookworm.xcdatamodel */;
			path = Bookworm.xcdatamodeld;
			sourceTree = "<group>";
			versionGroupType = wrapper.xcdatamodel;
		};
/* End XCVersionGroup section */
	};
	rootObject = 8BFAAA3125087F9A00C3C5F3 /* Project object */;
}
