// !$*UTF8*$!
{
	archiveVersion = 1;
	classes = {
	};
	objectVersion = 50;
	objects = {

/* Begin PBXBuildFile section */
		8B4CB8DC25021DA70042335A /* AppDelegate.swift in Sources */ = {isa = PBXBuildFile; fileRef = 8B4CB8DB25021DA70042335A /* AppDelegate.swift */; };
		8B4CB8DE25021DA70042335A /* SceneDelegate.swift in Sources */ = {isa = PBXBuildFile; fileRef = 8B4CB8DD25021DA70042335A /* SceneDelegate.swift */; };
		8B4CB8E025021DA70042335A /* ContentView.swift in Sources */ = {isa = PBXBuildFile; fileRef = 8B4CB8DF25021DA70042335A /* ContentView.swift */; };
		8B4CB8E225021DA70042335A /* Assets.xcassets in Resources */ = {isa = PBXBuildFile; fileRef = 8B4CB8E125021DA70042335A /* Assets.xcassets */; };
		8B4CB8E525021DA70042335A /* Preview Assets.xcassets in Resources */ = {isa = PBXBuildFile; fileRef = 8B4CB8E425021DA70042335A /* Preview Assets.xcassets */; };
		8B4CB8E825021DA70042335A /* LaunchScreen.storyboard in Resources */ = {isa = PBXBuildFile; fileRef = 8B4CB8E625021DA70042335A /* LaunchScreen.storyboard */; };
		8B4CB8F0250220D90042335A /* MakePublishedConformCodable.swift in Sources */ = {isa = PBXBuildFile; fileRef = 8B4CB8EF250220D90042335A /* MakePublishedConformCodable.swift */; };
		8B4CB8F2250226890042335A /* CodableToJson.swift in Sources */ = {isa = PBXBuildFile; fileRef = 8B4CB8F1250226890042335A /* CodableToJson.swift */; };
		8BFAAA2B2506040500C3C5F3 /* Order.swift in Sources */ = {isa = PBXBuildFile; fileRef = 8BFAAA2A2506040500C3C5F3 /* Order.swift */; };
		8BFAAA2D2506090F00C3C5F3 /* Address.swift in Sources */ = {isa = PBXBuildFile; fileRef = 8BFAAA2C2506090F00C3C5F3 /* Address.swift */; };
		8BFAAA2F25060BC900C3C5F3 /* CheckoutView.swift in Sources */ = {isa = PBXBuildFile; fileRef = 8BFAAA2E25060BC900C3C5F3 /* CheckoutView.swift */; };
/* End PBXBuildFile section */

/* Begin PBXFileReference section */
		8B4CB8D825021DA60042335A /* Cupcake Corner.app */ = {isa = PBXFileReference; explicitFileType = wrapper.application; includeInIndex = 0; path = "Cupcake Corner.app"; sourceTree = BUILT_PRODUCTS_DIR; };
		8B4CB8DB25021DA70042335A /* AppDelegate.swift */ = {isa = PBXFileReference; lastKnownFileType = sourcecode.swift; path = AppDelegate.swift; sourceTree = "<group>"; };
		8B4CB8DD25021DA70042335A /* SceneDelegate.swift */ = {isa = PBXFileReference; lastKnownFileType = sourcecode.swift; path = SceneDelegate.swift; sourceTree = "<group>"; };
		8B4CB8DF25021DA70042335A /* ContentView.swift */ = {isa = PBXFileReference; lastKnownFileType = sourcecode.swift; path = ContentView.swift; sourceTree = "<group>"; };
		8B4CB8E125021DA70042335A /* Assets.xcassets */ = {isa = PBXFileReference; lastKnownFileType = folder.assetcatalog; path = Assets.xcassets; sourceTree = "<group>"; };
		8B4CB8E425021DA70042335A /* Preview Assets.xcassets */ = {isa = PBXFileReference; lastKnownFileType = folder.assetcatalog; path = "Preview Assets.xcassets"; sourceTree = "<group>"; };
		8B4CB8E725021DA70042335A /* Base */ = {isa = PBXFileReference; lastKnownFileType = file.storyboard; name = Base; path = Base.lproj/LaunchScreen.storyboard; sourceTree = "<group>"; };
		8B4CB8E925021DA70042335A /* Info.plist */ = {isa = PBXFileReference; lastKnownFileType = text.plist.xml; path = Info.plist; sourceTree = "<group>"; };
		8B4CB8EF250220D90042335A /* MakePublishedConformCodable.swift */ = {isa = PBXFileReference; lastKnownFileType = sourcecode.swift; path = MakePublishedConformCodable.swift; sourceTree = "<group>"; };
		8B4CB8F1250226890042335A /* CodableToJson.swift */ = {isa = PBXFileReference; lastKnownFileType = sourcecode.swift; path = CodableToJson.swift; sourceTree = "<group>"; };
		8BFAAA2A2506040500C3C5F3 /* Order.swift */ = {isa = PBXFileReference; lastKnownFileType = sourcecode.swift; path = Order.swift; sourceTree = "<group>"; };
		8BFAAA2C2506090F00C3C5F3 /* Address.swift */ = {isa = PBXFileReference; lastKnownFileType = sourcecode.swift; path = Address.swift; sourceTree = "<group>"; };
		8BFAAA2E25060BC900C3C5F3 /* CheckoutView.swift */ = {isa = PBXFileReference; lastKnownFileType = sourcecode.swift; path = CheckoutView.swift; sourceTree = "<group>"; };
/* End PBXFileReference section */

/* Begin PBXFrameworksBuildPhase section */
		8B4CB8D525021DA60042335A /* Frameworks */ = {
			isa = PBXFrameworksBuildPhase;
			buildActionMask = 2147483647;
			files = (
			);
			runOnlyForDeploymentPostprocessing = 0;
		};
/* End PBXFrameworksBuildPhase section */

/* Begin PBXGroup section */
		8B4CB8CF25021DA60042335A = {
			isa = PBXGroup;
			children = (
				8B4CB8DA25021DA60042335A /* Cupcake Corner */,
				8B4CB8D925021DA60042335A /* Products */,
			);
			sourceTree = "<group>";
		};
		8B4CB8D925021DA60042335A /* Products */ = {
			isa = PBXGroup;
			children = (
				8B4CB8D825021DA60042335A /* Cupcake Corner.app */,
			);
			name = Products;
			sourceTree = "<group>";
		};
		8B4CB8DA25021DA60042335A /* Cupcake Corner */ = {
			isa = PBXGroup;
			children = (
				8B4CB8DB25021DA70042335A /* AppDelegate.swift */,
				8B4CB8DD25021DA70042335A /* SceneDelegate.swift */,
				8B4CB8DF25021DA70042335A /* ContentView.swift */,
				8B4CB8EF250220D90042335A /* MakePublishedConformCodable.swift */,
				8B4CB8F1250226890042335A /* CodableToJson.swift */,
				8BFAAA2A2506040500C3C5F3 /* Order.swift */,
				8BFAAA2C2506090F00C3C5F3 /* Address.swift */,
				8BFAAA2E25060BC900C3C5F3 /* CheckoutView.swift */,
				8B4CB8E125021DA70042335A /* Assets.xcassets */,
				8B4CB8E625021DA70042335A /* LaunchScreen.storyboard */,
				8B4CB8E925021DA70042335A /* Info.plist */,
				8B4CB8E325021DA70042335A /* Preview Content */,
			);
			path = "Cupcake Corner";
			sourceTree = "<group>";
		};
		8B4CB8E325021DA70042335A /* Preview Content */ = {
			isa = PBXGroup;
			children = (
				8B4CB8E425021DA70042335A /* Preview Assets.xcassets */,
			);
			path = "Preview Content";
			sourceTree = "<group>";
		};
/* End PBXGroup section */

/* Begin PBXNativeTarget section */
		8B4CB8D725021DA60042335A /* Cupcake Corner */ = {
			isa = PBXNativeTarget;
			buildConfigurationList = 8B4CB8EC25021DA70042335A /* Build configuration list for PBXNativeTarget "Cupcake Corner" */;
			buildPhases = (
				8B4CB8D425021DA60042335A /* Sources */,
				8B4CB8D525021DA60042335A /* Frameworks */,
				8B4CB8D625021DA60042335A /* Resources */,
			);
			buildRules = (
			);
			dependencies = (
			);
			name = "Cupcake Corner";
			productName = "Cupcake Corner";
			productReference = 8B4CB8D825021DA60042335A /* Cupcake Corner.app */;
			productType = "com.apple.product-type.application";
		};
/* End PBXNativeTarget section */

/* Begin PBXProject section */
		8B4CB8D025021DA60042335A /* Project object */ = {
			isa = PBXProject;
			attributes = {
				LastSwiftUpdateCheck = 1170;
				LastUpgradeCheck = 1170;
				ORGANIZATIONNAME = developer;
				TargetAttributes = {
					8B4CB8D725021DA60042335A = {
						CreatedOnToolsVersion = 11.7;
					};
				};
			};
			buildConfigurationList = 8B4CB8D325021DA60042335A /* Build configuration list for PBXProject "Cupcake Corner" */;
			compatibilityVersion = "Xcode 9.3";
			developmentRegion = en;
			hasScannedForEncodings = 0;
			knownRegions = (
				en,
				Base,
			);
			mainGroup = 8B4CB8CF25021DA60042335A;
			productRefGroup = 8B4CB8D925021DA60042335A /* Products */;
			projectDirPath = "";
			projectRoot = "";
			targets = (
				8B4CB8D725021DA60042335A /* Cupcake Corner */,
			);
		};
/* End PBXProject section */

/* Begin PBXResourcesBuildPhase section */
		8B4CB8D625021DA60042335A /* Resources */ = {
			isa = PBXResourcesBuildPhase;
			buildActionMask = 2147483647;
			files = (
				8B4CB8E825021DA70042335A /* LaunchScreen.storyboard in Resources */,
				8B4CB8E525021DA70042335A /* Preview Assets.xcassets in Resources */,
				8B4CB8E225021DA70042335A /* Assets.xcassets in Resources */,
			);
			runOnlyForDeploymentPostprocessing = 0;
		};
/* End PBXResourcesBuildPhase section */

/* Begin PBXSourcesBuildPhase section */
		8B4CB8D425021DA60042335A /* Sources */ = {
			isa = PBXSourcesBuildPhase;
			buildActionMask = 2147483647;
			files = (
				8BFAAA2B2506040500C3C5F3 /* Order.swift in Sources */,
				8B4CB8F0250220D90042335A /* MakePublishedConformCodable.swift in Sources */,
				8B4CB8F2250226890042335A /* CodableToJson.swift in Sources */,
				8B4CB8DC25021DA70042335A /* AppDelegate.swift in Sources */,
				8B4CB8DE25021DA70042335A /* SceneDelegate.swift in Sources */,
				8B4CB8E025021DA70042335A /* ContentView.swift in Sources */,
				8BFAAA2F25060BC900C3C5F3 /* CheckoutView.swift in Sources */,
				8BFAAA2D2506090F00C3C5F3 /* Address.swift in Sources */,
			);
			runOnlyForDeploymentPostprocessing = 0;
		};
/* End PBXSourcesBuildPhase section */

/* Begin PBXVariantGroup section */
		8B4CB8E625021DA70042335A /* LaunchScreen.storyboard */ = {
			isa = PBXVariantGroup;
			children = (
				8B4CB8E725021DA70042335A /* Base */,
			);
			name = LaunchScreen.storyboard;
			sourceTree = "<group>";
		};
/* End PBXVariantGroup section */

/* Begin XCBuildConfiguration section */
		8B4CB8EA25021DA70042335A /* Debug */ = {
			isa = XCBuildConfiguration;
			buildSettings = {
				ALWAYS_SEARCH_USER_PATHS = NO;
				CLANG_ANALYZER_NONNULL = YES;
				CLANG_ANALYZER_NUMBER_OBJECT_CONVERSION = YES_AGGRESSIVE;
				CLANG_CXX_LANGUAGE_STANDARD = "gnu++14";
				CLANG_CXX_LIBRARY = "libc++";
				CLANG_ENABLE_MODULES = YES;
				CLANG_ENABLE_OBJC_ARC = YES;
				CLANG_ENABLE_OBJC_WEAK = YES;
				CLANG_WARN_BLOCK_CAPTURE_AUTORELEASING = YES;
				CLANG_WARN_BOOL_CONVERSION = YES;
				CLANG_WARN_COMMA = YES;
				CLANG_WARN_CONSTANT_CONVERSION = YES;
				CLANG_WARN_DEPRECATED_OBJC_IMPLEMENTATIONS = YES;
				CLANG_WARN_DIRECT_OBJC_ISA_USAGE = YES_ERROR;
				CLANG_WARN_DOCUMENTATION_COMMENTS = YES;
				CLANG_WARN_EMPTY_BODY = YES;
				CLANG_WARN_ENUM_CONVERSION = YES;
				CLANG_WARN_INFINITE_RECURSION = YES;
				CLANG_WARN_INT_CONVERSION = YES;
				CLANG_WARN_NON_LITERAL_NULL_CONVERSION = YES;
				CLANG_WARN_OBJC_IMPLICIT_RETAIN_SELF = YES;
				CLANG_WARN_OBJC_LITERAL_CONVERSION = YES;
				CLANG_WARN_OBJC_ROOT_CLASS = YES_ERROR;
				CLANG_WARN_RANGE_LOOP_ANALYSIS = YES;
				CLANG_WARN_STRICT_PROTOTYPES = YES;
				CLANG_WARN_SUSPICIOUS_MOVE = YES;
				CLANG_WARN_UNGUARDED_AVAILABILITY = YES_AGGRESSIVE;
				CLANG_WARN_UNREACHABLE_CODE = YES;
				CLANG_WARN__DUPLICATE_METHOD_MATCH = YES;
				COPY_PHASE_STRIP = NO;
				DEBUG_INFORMATION_FORMAT = dwarf;
				ENABLE_STRICT_OBJC_MSGSEND = YES;
				ENABLE_TESTABILITY = YES;
				GCC_C_LANGUAGE_STANDARD = gnu11;
				GCC_DYNAMIC_NO_PIC = NO;
				GCC_NO_COMMON_BLOCKS = YES;
				GCC_OPTIMIZATION_LEVEL = 0;
				GCC_PREPROCESSOR_DEFINITIONS = (
					"DEBUG=1",
					"$(inherited)",
				);
				GCC_WARN_64_TO_32_BIT_CONVERSION = YES;
				GCC_WARN_ABOUT_RETURN_TYPE = YES_ERROR;
				GCC_WARN_UNDECLARED_SELECTOR = YES;
				GCC_WARN_UNINITIALIZED_AUTOS = YES_AGGRESSIVE;
				GCC_WARN_UNUSED_FUNCTION = YES;
				GCC_WARN_UNUSED_VARIABLE = YES;
				IPHONEOS_DEPLOYMENT_TARGET = 13.7;
				MTL_ENABLE_DEBUG_INFO = INCLUDE_SOURCE;
				MTL_FAST_MATH = YES;
				ONLY_ACTIVE_ARCH = YES;
				SDKROOT = iphoneos;
				SWIFT_ACTIVE_COMPILATION_CONDITIONS = DEBUG;
				SWIFT_OPTIMIZATION_LEVEL = "-Onone";
			};
			name = Debug;
		};
		8B4CB8EB25021DA70042335A /* Release */ = {
			isa = XCBuildConfiguration;
			buildSettings = {
				ALWAYS_SEARCH_USER_PATHS = NO;
				CLANG_ANALYZER_NONNULL = YES;
				CLANG_ANALYZER_NUMBER_OBJECT_CONVERSION = YES_AGGRESSIVE;
				CLANG_CXX_LANGUAGE_STANDARD = "gnu++14";
				CLANG_CXX_LIBRARY = "libc++";
				CLANG_ENABLE_MODULES = YES;
				CLANG_ENABLE_OBJC_ARC = YES;
				CLANG_ENABLE_OBJC_WEAK = YES;
				CLANG_WARN_BLOCK_CAPTURE_AUTORELEASING = YES;
				CLANG_WARN_BOOL_CONVERSION = YES;
				CLANG_WARN_COMMA = YES;
				CLANG_WARN_CONSTANT_CONVERSION = YES;
				CLANG_WARN_DEPRECATED_OBJC_IMPLEMENTATIONS = YES;
				CLANG_WARN_DIRECT_OBJC_ISA_USAGE = YES_ERROR;
				CLANG_WARN_DOCUMENTATION_COMMENTS = YES;
				CLANG_WARN_EMPTY_BODY = YES;
				CLANG_WARN_ENUM_CONVERSION = YES;
				CLANG_WARN_INFINITE_RECURSION = YES;
				CLANG_WARN_INT_CONVERSION = YES;
				CLANG_WARN_NON_LITERAL_NULL_CONVERSION = YES;
				CLANG_WARN_OBJC_IMPLICIT_RETAIN_SELF = YES;
				CLANG_WARN_OBJC_LITERAL_CONVERSION = YES;
				CLANG_WARN_OBJC_ROOT_CLASS = YES_ERROR;
				CLANG_WARN_RANGE_LOOP_ANALYSIS = YES;
				CLANG_WARN_STRICT_PROTOTYPES = YES;
				CLANG_WARN_SUSPICIOUS_MOVE = YES;
				CLANG_WARN_UNGUARDED_AVAILABILITY = YES_AGGRESSIVE;
				CLANG_WARN_UNREACHABLE_CODE = YES;
				CLANG_WARN__DUPLICATE_METHOD_MATCH = YES;
				COPY_PHASE_STRIP = NO;
				DEBUG_INFORMATION_FORMAT = "dwarf-with-dsym";
				ENABLE_NS_ASSERTIONS = NO;
				ENABLE_STRICT_OBJC_MSGSEND = YES;
				GCC_C_LANGUAGE_STANDARD = gnu11;
				GCC_NO_COMMON_BLOCKS = YES;
				GCC_WARN_64_TO_32_BIT_CONVERSION = YES;
				GCC_WARN_ABOUT_RETURN_TYPE = YES_ERROR;
				GCC_WARN_UNDECLARED_SELECTOR = YES;
				GCC_WARN_UNINITIALIZED_AUTOS = YES_AGGRESSIVE;
				GCC_WARN_UNUSED_FUNCTION = YES;
				GCC_WARN_UNUSED_VARIABLE = YES;
				IPHONEOS_DEPLOYMENT_TARGET = 13.7;
				MTL_ENABLE_DEBUG_INFO = NO;
				MTL_FAST_MATH = YES;
				SDKROOT = iphoneos;
				SWIFT_COMPILATION_MODE = wholemodule;
				SWIFT_OPTIMIZATION_LEVEL = "-O";
				VALIDATE_PRODUCT = YES;
			};
			name = Release;
		};
		8B4CB8ED25021DA70042335A /* Debug */ = {
			isa = XCBuildConfiguration;
			buildSettings = {
				ASSETCATALOG_COMPILER_APPICON_NAME = AppIcon;
				CODE_SIGN_STYLE = Automatic;
				DEVELOPMENT_ASSET_PATHS = "\"Cupcake Corner/Preview Content\"";
				DEVELOPMENT_TEAM = 59CT6J5PF6;
				ENABLE_PREVIEWS = YES;
				INFOPLIST_FILE = "Cupcake Corner/Info.plist";
				LD_RUNPATH_SEARCH_PATHS = (
					"$(inherited)",
					"@executable_path/Frameworks",
				);
				PRODUCT_BUNDLE_IDENTIFIER = "com.zhangyu.Cupcake-Corner";
				PRODUCT_NAME = "$(TARGET_NAME)";
				SWIFT_VERSION = 5.0;
				TARGETED_DEVICE_FAMILY = "1,2";
			};
			name = Debug;
		};
		8B4CB8EE25021DA70042335A /* Release */ = {
			isa = XCBuildConfiguration;
			buildSettings = {
				ASSETCATALOG_COMPILER_APPICON_NAME = AppIcon;
				CODE_SIGN_STYLE = Automatic;
				DEVELOPMENT_ASSET_PATHS = "\"Cupcake Corner/Preview Content\"";
				DEVELOPMENT_TEAM = 59CT6J5PF6;
				ENABLE_PREVIEWS = YES;
				INFOPLIST_FILE = "Cupcake Corner/Info.plist";
				LD_RUNPATH_SEARCH_PATHS = (
					"$(inherited)",
					"@executable_path/Frameworks",
				);
				PRODUCT_BUNDLE_IDENTIFIER = "com.zhangyu.Cupcake-Corner";
				PRODUCT_NAME = "$(TARGET_NAME)";
				SWIFT_VERSION = 5.0;
				TARGETED_DEVICE_FAMILY = "1,2";
			};
			name = Release;
		};
/* End XCBuildConfiguration section */

/* Begin XCConfigurationList section */
		8B4CB8D325021DA60042335A /* Build configuration list for PBXProject "Cupcake Corner" */ = {
			isa = XCConfigurationList;
			buildConfigurations = (
				8B4CB8EA25021DA70042335A /* Debug */,
				8B4CB8EB25021DA70042335A /* Release */,
			);
			defaultConfigurationIsVisible = 0;
			defaultConfigurationName = Release;
		};
		8B4CB8EC25021DA70042335A /* Build configuration list for PBXNativeTarget "Cupcake Corner" */ = {
			isa = XCConfigurationList;
			buildConfigurations = (
				8B4CB8ED25021DA70042335A /* Debug */,
				8B4CB8EE25021DA70042335A /* Release */,
			);
			defaultConfigurationIsVisible = 0;
			defaultConfigurationName = Release;
		};
/* End XCConfigurationList section */
	};
	rootObject = 8B4CB8D025021DA60042335A /* Project object */;
}
